
Microsoft Visual Studio Solution File, Format Version 12.00
# Visual Studio Version 17
VisualStudioVersion = 17.14.36203.30
MinimumVisualStudioVersion = 10.0.40219.1
Project("{FAE04EC0-301F-11D3-BF4B-00C04F79EFBC}") = "people", "people\\people.csproj", "{CCD74F9D-F01E-4708-8CC4-1AC32CEBE0A4}"
EndProject
Global
	GlobalSection(SolutionConfigurationPlatforms) = preSolution
		Debug|Any CPU = Debug|Any CPU
		Release|Any CPU = Release|Any CPU
	EndGlobalSection
	GlobalSection(ProjectConfigurationPlatforms) = postSolution
		{CCD74F9D-F01E-4708-8CC4-1AC32CEBE0A4}.Debug|Any CPU.ActiveCfg = Debug|Any CPU
		{CCD74F9D-F01E-4708-8CC4-1AC32CEBE0A4}.Debug|Any CPU.Build.0 = Debug|Any CPU
		{CCD74F9D-F01E-4708-8CC4-1AC32CEBE0A4}.Release|Any CPU.ActiveCfg = Release|Any CPU
		{CCD74F9D-F01E-4708-8CC4-1AC32CEBE0A4}.Release|Any CPU.Build.0 = Release|Any CPU
	EndGlobalSection
	GlobalSection(SolutionProperties) = preSolution
		HideSolutionNode = FALSE
	EndGlobalSection
	GlobalSection(ExtensibilityGlobals) = postSolution
		SolutionGuid = {603FF133-E80C-47B8-B79F-B20D0B4990D5}
	EndGlobalSection
EndGlobal

